{
  "object": {
    "pins": [
      {
        "package": "FloatingButton",
        "repositoryURL": "https://github.com/exyte/FloatingButton",
        "state": {
          "branch": null,
          "revision": "11502f58298943cd3c25be13c0149a79774dac0a",
          "version": "1.0.0"
        }
      },
      {
        "package": "SDWebImage",
        "repositoryURL": "https://github.com/SDWebImage/SDWebImage.git",
        "state": {
          "branch": null,
          "revision": "a72df4849408da7e5d3c1b586797b7c601c41d1b",
          "version": "5.12.1"
        }
      },
      {
        "package": "SDWebImageSwiftUI",
        "repositoryURL": "https://github.com/SDWebImage/SDWebImageSwiftUI.git",
        "state": {
          "branch": "master",
          "revision": "336d3f6d3b53729c1f274bf6b75f4532ada116eb",
          "version": null
        }
      },
      {
        "package": "SymbolPicker",
        "repositoryURL": "https://github.com/xnth97/SymbolPicker.git",
        "state": {
          "branch": null,
          "revision": "26b186565bc091868d756747bb600db20c99cb1b",
          "version": "1.3.0"
        }
      }
    ]
  },
  "version": 1
}
